
Microsoft Visual Studio Solution File, Format Version 12.00
# Visual Studio Version 17
VisualStudioVersion = 17.7.34031.279
MinimumVisualStudioVersion = 10.0.40219.1
Project("{9A19103F-16F7-4668-BE54-9A1E7A4F7556}") = "data-agent-service", "data-agent-service.csproj", "{AD83BE42-2074-413D-8801-97658EAEB87D}"
EndProject
Global
	GlobalSection(SolutionConfigurationPlatforms) = preSolution
		Debug|Any CPU = Debug|Any CPU
		Release|Any CPU = Release|Any CPU
	EndGlobalSection
	GlobalSection(ProjectConfigurationPlatforms) = postSolution
		{AD83BE42-2074-413D-8801-97658EAEB87D}.Debug|Any CPU.ActiveCfg = Debug|Any CPU
		{AD83BE42-2074-413D-8801-97658EAEB87D}.Debug|Any CPU.Build.0 = Debug|Any CPU
		{AD83BE42-2074-413D-8801-97658EAEB87D}.Release|Any CPU.ActiveCfg = Release|Any CPU
		{AD83BE42-2074-413D-8801-97658EAEB87D}.Release|Any CPU.Build.0 = Release|Any CPU
	EndGlobalSection
	GlobalSection(SolutionProperties) = preSolution
		HideSolutionNode = FALSE
	EndGlobalSection
	GlobalSection(ExtensibilityGlobals) = postSolution
		SolutionGuid = {9317838E-96DA-4AB6-9E24-F7B84F2C2929}
	EndGlobalSection
EndGlobal
